
Microsoft Visual Studio Solution File, Format Version 12.00
# Visual Studio Version 16
VisualStudioVersion = 16.0.31829.152
MinimumVisualStudioVersion = 10.0.40219.1
Project("{FAE04EC0-301F-11D3-BF4B-00C04F79EFBC}") = "calculator2.0", "calculator2.0\calculator2.0.csproj", "{2E2B06E4-AB9A-4C03-8250-C2F039C1AA8E}"
EndProject
Global
	GlobalSection(SolutionConfigurationPlatforms) = preSolution
		Debug|Any CPU = Debug|Any CPU
		Release|Any CPU = Release|Any CPU
	EndGlobalSection
	GlobalSection(ProjectConfigurationPlatforms) = postSolution
		{2E2B06E4-AB9A-4C03-8250-C2F039C1AA8E}.Debug|Any CPU.ActiveCfg = Debug|Any CPU
		{2E2B06E4-AB9A-4C03-8250-C2F039C1AA8E}.Debug|Any CPU.Build.0 = Debug|Any CPU
		{2E2B06E4-AB9A-4C03-8250-C2F039C1AA8E}.Release|Any CPU.ActiveCfg = Release|Any CPU
		{2E2B06E4-AB9A-4C03-8250-C2F039C1AA8E}.Release|Any CPU.Build.0 = Release|Any CPU
	EndGlobalSection
	GlobalSection(SolutionProperties) = preSolution
		HideSolutionNode = FALSE
	EndGlobalSection
	GlobalSection(ExtensibilityGlobals) = postSolution
		SolutionGuid = {A73DB146-1F66-4CCD-A324-E2E7D5F2489B}
	EndGlobalSection
EndGlobal
