
Microsoft Visual Studio Solution File, Format Version 12.00
# Visual Studio Version 17
VisualStudioVersion = 17.0.31912.275
MinimumVisualStudioVersion = 10.0.40219.1
Project("{FAE04EC0-301F-11D3-BF4B-00C04F79EFBC}") = "calculator2.0", "calculator2.0.csproj", "{2E2B06E4-AB9A-4C03-8250-C2F039C1AA8E}"
EndProject
Global
	GlobalSection(SolutionConfigurationPlatforms) = preSolution
		Debug|Any CPU = Debug|Any CPU
		Release|Any CPU = Release|Any CPU
	EndGlobalSection
	GlobalSection(ProjectConfigurationPlatforms) = postSolution
		{2E2B06E4-AB9A-4C03-8250-C2F039C1AA8E}.Debug|Any CPU.ActiveCfg = Debug|Any CPU
		{2E2B06E4-AB9A-4C03-8250-C2F039C1AA8E}.Debug|Any CPU.Build.0 = Debug|Any CPU
		{2E2B06E4-AB9A-4C03-8250-C2F039C1AA8E}.Release|Any CPU.ActiveCfg = Release|Any CPU
		{2E2B06E4-AB9A-4C03-8250-C2F039C1AA8E}.Release|Any CPU.Build.0 = Release|Any CPU
	EndGlobalSection
	GlobalSection(SolutionProperties) = preSolution
		HideSolutionNode = FALSE
	EndGlobalSection
	GlobalSection(ExtensibilityGlobals) = postSolution
		SolutionGuid = {36541829-866D-449E-9B07-005C6A42B2D9}
	EndGlobalSection
EndGlobal
