
Microsoft Visual Studio Solution File, Format Version 12.00
# Visual Studio Version 17
VisualStudioVersion = 17.0.31912.275
MinimumVisualStudioVersion = 10.0.40219.1
Project("{FAE04EC0-301F-11D3-BF4B-00C04F79EFBC}") = "HW1", "HW1.csproj", "{32C455B0-DBAB-41D5-9803-626D2008277B}"
EndProject
Project("{FAE04EC0-301F-11D3-BF4B-00C04F79EFBC}") = "Zadacha1", "Zadacha1\Zadacha1.csproj", "{FC19DA9F-959D-4056-9521-C6D0B7FE858E}"
EndProject
Project("{FAE04EC0-301F-11D3-BF4B-00C04F79EFBC}") = "Zadacha2", "Zadacha2\Zadacha2.csproj", "{ADB77E9D-A0FE-47B3-921C-C2A15B8FE12A}"
EndProject
Project("{FAE04EC0-301F-11D3-BF4B-00C04F79EFBC}") = "Zadacha3", "Zadacha3\Zadacha3.csproj", "{6847E416-A88F-495E-BCEE-C18129858C28}"
EndProject
Global
	GlobalSection(SolutionConfigurationPlatforms) = preSolution
		Debug|Any CPU = Debug|Any CPU
		Release|Any CPU = Release|Any CPU
	EndGlobalSection
	GlobalSection(ProjectConfigurationPlatforms) = postSolution
		{32C455B0-DBAB-41D5-9803-626D2008277B}.Debug|Any CPU.ActiveCfg = Debug|Any CPU
		{32C455B0-DBAB-41D5-9803-626D2008277B}.Debug|Any CPU.Build.0 = Debug|Any CPU
		{32C455B0-DBAB-41D5-9803-626D2008277B}.Release|Any CPU.ActiveCfg = Release|Any CPU
		{32C455B0-DBAB-41D5-9803-626D2008277B}.Release|Any CPU.Build.0 = Release|Any CPU
		{FC19DA9F-959D-4056-9521-C6D0B7FE858E}.Debug|Any CPU.ActiveCfg = Debug|Any CPU
		{FC19DA9F-959D-4056-9521-C6D0B7FE858E}.Debug|Any CPU.Build.0 = Debug|Any CPU
		{FC19DA9F-959D-4056-9521-C6D0B7FE858E}.Release|Any CPU.ActiveCfg = Release|Any CPU
		{FC19DA9F-959D-4056-9521-C6D0B7FE858E}.Release|Any CPU.Build.0 = Release|Any CPU
		{ADB77E9D-A0FE-47B3-921C-C2A15B8FE12A}.Debug|Any CPU.ActiveCfg = Debug|Any CPU
		{ADB77E9D-A0FE-47B3-921C-C2A15B8FE12A}.Debug|Any CPU.Build.0 = Debug|Any CPU
		{ADB77E9D-A0FE-47B3-921C-C2A15B8FE12A}.Release|Any CPU.ActiveCfg = Release|Any CPU
		{ADB77E9D-A0FE-47B3-921C-C2A15B8FE12A}.Release|Any CPU.Build.0 = Release|Any CPU
		{6847E416-A88F-495E-BCEE-C18129858C28}.Debug|Any CPU.ActiveCfg = Debug|Any CPU
		{6847E416-A88F-495E-BCEE-C18129858C28}.Debug|Any CPU.Build.0 = Debug|Any CPU
		{6847E416-A88F-495E-BCEE-C18129858C28}.Release|Any CPU.ActiveCfg = Release|Any CPU
		{6847E416-A88F-495E-BCEE-C18129858C28}.Release|Any CPU.Build.0 = Release|Any CPU
	EndGlobalSection
	GlobalSection(SolutionProperties) = preSolution
		HideSolutionNode = FALSE
	EndGlobalSection
	GlobalSection(ExtensibilityGlobals) = postSolution
		SolutionGuid = {109AFD91-27E7-4A32-9923-B79C20650045}
	EndGlobalSection
EndGlobal
